{
  "name": "ex01",
  "version": "1.0.0",
  "lockfileVersion": 1,
  "requires": true,
  "dependencies": {
    "@glidejs/glide": {
      "version": "3.5.1",
      "resolved": "https://registry.npmjs.org/@glidejs/glide/-/glide-3.5.1.tgz",
      "integrity": "sha512-/ikoU/HOJXDXo+pMw4CiTiltpbnhX41VIcVnocKHELbDh7T5EP4X9uBm4SjC+okF6z5juAxjw1Dx5h7MCQls3A=="
    }
  }
}
